
Microsoft Visual Studio Solution File, Format Version 11.00
# Visual Basic Express 2010
Project("{F184B08F-C81C-45F6-A57F-5ABD9991F28F}") = "MimicGrabber", "MimicGrabber.vbproj", "{3A5221D8-9898-4F4D-99D9-665B69C25CB7}"
EndProject
Global
	GlobalSection(SolutionConfigurationPlatforms) = preSolution
		Debug|Any CPU = Debug|Any CPU
		Release|Any CPU = Release|Any CPU
	EndGlobalSection
	GlobalSection(ProjectConfigurationPlatforms) = postSolution
		{3A5221D8-9898-4F4D-99D9-665B69C25CB7}.Debug|Any CPU.ActiveCfg = Debug|Any CPU
		{3A5221D8-9898-4F4D-99D9-665B69C25CB7}.Debug|Any CPU.Build.0 = Debug|Any CPU
		{3A5221D8-9898-4F4D-99D9-665B69C25CB7}.Release|Any CPU.ActiveCfg = Release|Any CPU
		{3A5221D8-9898-4F4D-99D9-665B69C25CB7}.Release|Any CPU.Build.0 = Release|Any CPU
	EndGlobalSection
	GlobalSection(SolutionProperties) = preSolution
		HideSolutionNode = FALSE
	EndGlobalSection
EndGlobal
